
Microsoft Visual Studio Solution File, Format Version 12.00
# Visual Studio 2013
VisualStudioVersion = 12.0.30501.0
MinimumVisualStudioVersion = 10.0.40219.1
Project("{8BC9CEB8-8B4A-11D0-8D11-00A0C91BC942}") = "LeMeilleurJeuDuMonde", "Win32Project1\Win32Project1.vcxproj", "{36A512D0-4EBB-434E-82AD-0F762A91BBD0}"
EndProject
Project("{2150E333-8FDC-42A3-9474-1A3956D46DE8}") = "Solution Items", "Solution Items", "{EC59E218-690D-4C2F-B607-C06ED8790403}"
EndProject
Global
	GlobalSection(SolutionConfigurationPlatforms) = preSolution
		Debug|Win32 = Debug|Win32
		Release|Win32 = Release|Win32
	EndGlobalSection
	GlobalSection(ProjectConfigurationPlatforms) = postSolution
		{36A512D0-4EBB-434E-82AD-0F762A91BBD0}.Debug|Win32.ActiveCfg = Debug|Win32
		{36A512D0-4EBB-434E-82AD-0F762A91BBD0}.Debug|Win32.Build.0 = Debug|Win32
		{36A512D0-4EBB-434E-82AD-0F762A91BBD0}.Release|Win32.ActiveCfg = Release|Win32
		{36A512D0-4EBB-434E-82AD-0F762A91BBD0}.Release|Win32.Build.0 = Release|Win32
	EndGlobalSection
	GlobalSection(SolutionProperties) = preSolution
		HideSolutionNode = FALSE
	EndGlobalSection
EndGlobal
